
Microsoft Visual Studio Solution File, Format Version 12.00
# Visual Studio 15
VisualStudioVersion = 15.0.28307.572
MinimumVisualStudioVersion = 10.0.40219.1
Project("{FAE04EC0-301F-11D3-BF4B-00C04F79EFBC}") = "Calculator", "Calculator\Calculator.csproj", "{D844F21D-E499-469F-9C0B-7A248E2FE688}"
EndProject
Project("{FAE04EC0-301F-11D3-BF4B-00C04F79EFBC}") = "Test kkal", "Test kkal\Test kkal.csproj", "{519C7AFB-CD6F-4C3A-9EA4-DDCDEEE8FA37}"
EndProject
Project("{FAE04EC0-301F-11D3-BF4B-00C04F79EFBC}") = "test fail", "test fail\test fail.csproj", "{FA65C762-E06D-4CA6-BE88-FAB6D4BD4C13}"
EndProject
Global
	GlobalSection(SolutionConfigurationPlatforms) = preSolution
		Debug|Any CPU = Debug|Any CPU
		Release|Any CPU = Release|Any CPU
	EndGlobalSection
	GlobalSection(ProjectConfigurationPlatforms) = postSolution
		{D844F21D-E499-469F-9C0B-7A248E2FE688}.Debug|Any CPU.ActiveCfg = Debug|Any CPU
		{D844F21D-E499-469F-9C0B-7A248E2FE688}.Debug|Any CPU.Build.0 = Debug|Any CPU
		{D844F21D-E499-469F-9C0B-7A248E2FE688}.Release|Any CPU.ActiveCfg = Release|Any CPU
		{D844F21D-E499-469F-9C0B-7A248E2FE688}.Release|Any CPU.Build.0 = Release|Any CPU
		{519C7AFB-CD6F-4C3A-9EA4-DDCDEEE8FA37}.Debug|Any CPU.ActiveCfg = Debug|Any CPU
		{519C7AFB-CD6F-4C3A-9EA4-DDCDEEE8FA37}.Debug|Any CPU.Build.0 = Debug|Any CPU
		{519C7AFB-CD6F-4C3A-9EA4-DDCDEEE8FA37}.Release|Any CPU.ActiveCfg = Release|Any CPU
		{519C7AFB-CD6F-4C3A-9EA4-DDCDEEE8FA37}.Release|Any CPU.Build.0 = Release|Any CPU
		{FA65C762-E06D-4CA6-BE88-FAB6D4BD4C13}.Debug|Any CPU.ActiveCfg = Debug|Any CPU
		{FA65C762-E06D-4CA6-BE88-FAB6D4BD4C13}.Debug|Any CPU.Build.0 = Debug|Any CPU
		{FA65C762-E06D-4CA6-BE88-FAB6D4BD4C13}.Release|Any CPU.ActiveCfg = Release|Any CPU
		{FA65C762-E06D-4CA6-BE88-FAB6D4BD4C13}.Release|Any CPU.Build.0 = Release|Any CPU
	EndGlobalSection
	GlobalSection(SolutionProperties) = preSolution
		HideSolutionNode = FALSE
	EndGlobalSection
	GlobalSection(ExtensibilityGlobals) = postSolution
		SolutionGuid = {FC5624C1-35A2-467C-9692-752885701A77}
	EndGlobalSection
EndGlobal
